
Microsoft Visual Studio Solution File, Format Version 12.00
# Visual Studio 15
VisualStudioVersion = 15.0.26124.0
MinimumVisualStudioVersion = 15.0.26124.0
Project("{FAE04EC0-301F-11D3-BF4B-00C04F79EFBC}") = "Domain", "Domain\Domain.csproj", "{ECBF6DA4-E3C4-4350-B1C8-A91B1749972D}"
EndProject
Project("{FAE04EC0-301F-11D3-BF4B-00C04F79EFBC}") = "Persistence", "Persistence\Persistence.csproj", "{2376B914-C7BD-45B7-AB61-1059BFC0E770}"
EndProject
Project("{FAE04EC0-301F-11D3-BF4B-00C04F79EFBC}") = "API", "API\API.csproj", "{D334BDF6-1042-4F2A-9472-6011B49B3B18}"
EndProject
Project("{FAE04EC0-301F-11D3-BF4B-00C04F79EFBC}") = "Application", "Application\Application.csproj", "{569DDFAA-7349-4983-A40D-FFFE12A92F67}"
EndProject
Global
	GlobalSection(SolutionConfigurationPlatforms) = preSolution
		Debug|Any CPU = Debug|Any CPU
		Debug|x64 = Debug|x64
		Debug|x86 = Debug|x86
		Release|Any CPU = Release|Any CPU
		Release|x64 = Release|x64
		Release|x86 = Release|x86
	EndGlobalSection
	GlobalSection(SolutionProperties) = preSolution
		HideSolutionNode = FALSE
	EndGlobalSection
	GlobalSection(ProjectConfigurationPlatforms) = postSolution
		{ECBF6DA4-E3C4-4350-B1C8-A91B1749972D}.Debug|Any CPU.ActiveCfg = Debug|Any CPU
		{ECBF6DA4-E3C4-4350-B1C8-A91B1749972D}.Debug|Any CPU.Build.0 = Debug|Any CPU
		{ECBF6DA4-E3C4-4350-B1C8-A91B1749972D}.Debug|x64.ActiveCfg = Debug|Any CPU
		{ECBF6DA4-E3C4-4350-B1C8-A91B1749972D}.Debug|x64.Build.0 = Debug|Any CPU
		{ECBF6DA4-E3C4-4350-B1C8-A91B1749972D}.Debug|x86.ActiveCfg = Debug|Any CPU
		{ECBF6DA4-E3C4-4350-B1C8-A91B1749972D}.Debug|x86.Build.0 = Debug|Any CPU
		{ECBF6DA4-E3C4-4350-B1C8-A91B1749972D}.Release|Any CPU.ActiveCfg = Release|Any CPU
		{ECBF6DA4-E3C4-4350-B1C8-A91B1749972D}.Release|Any CPU.Build.0 = Release|Any CPU
		{ECBF6DA4-E3C4-4350-B1C8-A91B1749972D}.Release|x64.ActiveCfg = Release|Any CPU
		{ECBF6DA4-E3C4-4350-B1C8-A91B1749972D}.Release|x64.Build.0 = Release|Any CPU
		{ECBF6DA4-E3C4-4350-B1C8-A91B1749972D}.Release|x86.ActiveCfg = Release|Any CPU
		{ECBF6DA4-E3C4-4350-B1C8-A91B1749972D}.Release|x86.Build.0 = Release|Any CPU
		{2376B914-C7BD-45B7-AB61-1059BFC0E770}.Debug|Any CPU.ActiveCfg = Debug|Any CPU
		{2376B914-C7BD-45B7-AB61-1059BFC0E770}.Debug|Any CPU.Build.0 = Debug|Any CPU
		{2376B914-C7BD-45B7-AB61-1059BFC0E770}.Debug|x64.ActiveCfg = Debug|Any CPU
		{2376B914-C7BD-45B7-AB61-1059BFC0E770}.Debug|x64.Build.0 = Debug|Any CPU
		{2376B914-C7BD-45B7-AB61-1059BFC0E770}.Debug|x86.ActiveCfg = Debug|Any CPU
		{2376B914-C7BD-45B7-AB61-1059BFC0E770}.Debug|x86.Build.0 = Debug|Any CPU
		{2376B914-C7BD-45B7-AB61-1059BFC0E770}.Release|Any CPU.ActiveCfg = Release|Any CPU
		{2376B914-C7BD-45B7-AB61-1059BFC0E770}.Release|Any CPU.Build.0 = Release|Any CPU
		{2376B914-C7BD-45B7-AB61-1059BFC0E770}.Release|x64.ActiveCfg = Release|Any CPU
		{2376B914-C7BD-45B7-AB61-1059BFC0E770}.Release|x64.Build.0 = Release|Any CPU
		{2376B914-C7BD-45B7-AB61-1059BFC0E770}.Release|x86.ActiveCfg = Release|Any CPU
		{2376B914-C7BD-45B7-AB61-1059BFC0E770}.Release|x86.Build.0 = Release|Any CPU
		{D334BDF6-1042-4F2A-9472-6011B49B3B18}.Debug|Any CPU.ActiveCfg = Debug|Any CPU
		{D334BDF6-1042-4F2A-9472-6011B49B3B18}.Debug|Any CPU.Build.0 = Debug|Any CPU
		{D334BDF6-1042-4F2A-9472-6011B49B3B18}.Debug|x64.ActiveCfg = Debug|Any CPU
		{D334BDF6-1042-4F2A-9472-6011B49B3B18}.Debug|x64.Build.0 = Debug|Any CPU
		{D334BDF6-1042-4F2A-9472-6011B49B3B18}.Debug|x86.ActiveCfg = Debug|Any CPU
		{D334BDF6-1042-4F2A-9472-6011B49B3B18}.Debug|x86.Build.0 = Debug|Any CPU
		{D334BDF6-1042-4F2A-9472-6011B49B3B18}.Release|Any CPU.ActiveCfg = Release|Any CPU
		{D334BDF6-1042-4F2A-9472-6011B49B3B18}.Release|Any CPU.Build.0 = Release|Any CPU
		{D334BDF6-1042-4F2A-9472-6011B49B3B18}.Release|x64.ActiveCfg = Release|Any CPU
		{D334BDF6-1042-4F2A-9472-6011B49B3B18}.Release|x64.Build.0 = Release|Any CPU
		{D334BDF6-1042-4F2A-9472-6011B49B3B18}.Release|x86.ActiveCfg = Release|Any CPU
		{D334BDF6-1042-4F2A-9472-6011B49B3B18}.Release|x86.Build.0 = Release|Any CPU
		{569DDFAA-7349-4983-A40D-FFFE12A92F67}.Debug|Any CPU.ActiveCfg = Debug|Any CPU
		{569DDFAA-7349-4983-A40D-FFFE12A92F67}.Debug|Any CPU.Build.0 = Debug|Any CPU
		{569DDFAA-7349-4983-A40D-FFFE12A92F67}.Debug|x64.ActiveCfg = Debug|Any CPU
		{569DDFAA-7349-4983-A40D-FFFE12A92F67}.Debug|x64.Build.0 = Debug|Any CPU
		{569DDFAA-7349-4983-A40D-FFFE12A92F67}.Debug|x86.ActiveCfg = Debug|Any CPU
		{569DDFAA-7349-4983-A40D-FFFE12A92F67}.Debug|x86.Build.0 = Debug|Any CPU
		{569DDFAA-7349-4983-A40D-FFFE12A92F67}.Release|Any CPU.ActiveCfg = Release|Any CPU
		{569DDFAA-7349-4983-A40D-FFFE12A92F67}.Release|Any CPU.Build.0 = Release|Any CPU
		{569DDFAA-7349-4983-A40D-FFFE12A92F67}.Release|x64.ActiveCfg = Release|Any CPU
		{569DDFAA-7349-4983-A40D-FFFE12A92F67}.Release|x64.Build.0 = Release|Any CPU
		{569DDFAA-7349-4983-A40D-FFFE12A92F67}.Release|x86.ActiveCfg = Release|Any CPU
		{569DDFAA-7349-4983-A40D-FFFE12A92F67}.Release|x86.Build.0 = Release|Any CPU
	EndGlobalSection
EndGlobal
